
Microsoft Visual Studio Solution File, Format Version 12.00
# Visual Studio 15
VisualStudioVersion = 15.0.28010.2041
MinimumVisualStudioVersion = 10.0.40219.1
Project("{FAE04EC0-301F-11D3-BF4B-00C04F79EFBC}") = "PROTraveller", "PROTraveller\PROTraveller.csproj", "{218EA85D-CF68-43F0-A001-BCCA46F21BD4}"
EndProject
Global
	GlobalSection(SolutionConfigurationPlatforms) = preSolution
		Debug|Any CPU = Debug|Any CPU
		Release|Any CPU = Release|Any CPU
	EndGlobalSection
	GlobalSection(ProjectConfigurationPlatforms) = postSolution
		{218EA85D-CF68-43F0-A001-BCCA46F21BD4}.Debug|Any CPU.ActiveCfg = Debug|Any CPU
		{218EA85D-CF68-43F0-A001-BCCA46F21BD4}.Debug|Any CPU.Build.0 = Debug|Any CPU
		{218EA85D-CF68-43F0-A001-BCCA46F21BD4}.Release|Any CPU.ActiveCfg = Release|Any CPU
		{218EA85D-CF68-43F0-A001-BCCA46F21BD4}.Release|Any CPU.Build.0 = Release|Any CPU
	EndGlobalSection
	GlobalSection(SolutionProperties) = preSolution
		HideSolutionNode = FALSE
	EndGlobalSection
	GlobalSection(ExtensibilityGlobals) = postSolution
		SolutionGuid = {B1C22E57-6033-4D3E-AFE0-E2C9DBC54ED3}
	EndGlobalSection
EndGlobal
